
Microsoft Visual Studio Solution File, Format Version 12.00
# Visual Studio 2013
VisualStudioVersion = 12.0.40629.0
MinimumVisualStudioVersion = 10.0.40219.1
Project("{159641D6-6404-4A2A-AE62-294DE0FE8301}") = "SSIS-SQL-task", "SSIS-SQL-task\SSIS-SQL-task.dtproj", "{7F2E00E8-6506-412E-85B3-F9E5EF97EA0F}"
EndProject
Global
	GlobalSection(SolutionConfigurationPlatforms) = preSolution
		Development|Default = Development|Default
	EndGlobalSection
	GlobalSection(ProjectConfigurationPlatforms) = postSolution
		{7F2E00E8-6506-412E-85B3-F9E5EF97EA0F}.Development|Default.ActiveCfg = Development
		{7F2E00E8-6506-412E-85B3-F9E5EF97EA0F}.Development|Default.Build.0 = Development
	EndGlobalSection
	GlobalSection(SolutionProperties) = preSolution
		HideSolutionNode = FALSE
	EndGlobalSection
EndGlobal
